
Microsoft Visual Studio Solution File, Format Version 12.00
# Visual Studio Version 16
VisualStudioVersion = 16.0.29025.244
MinimumVisualStudioVersion = 10.0.40219.1
Project("{FAE04EC0-301F-11D3-BF4B-00C04F79EFBC}") = "LxCommunicator.NET.Example.Websocket", "LxCommunicator.NET.Example.Websocket\LxCommunicator.NET.Example.Websocket.csproj", "{F69137CE-4E16-4D08-8827-15ACDDB45860}"
	ProjectSection(ProjectDependencies) = postProject
		{45DB0987-C35D-41B7-8C24-0E12578A6E11} = {45DB0987-C35D-41B7-8C24-0E12578A6E11}
	EndProjectSection
EndProject
Project("{FAE04EC0-301F-11D3-BF4B-00C04F79EFBC}") = "LxCommunicator.NET.Example.Http", "LxCommunicator.NET.Example.Http\LxCommunicator.NET.Example.Http.csproj", "{070729E5-C933-45DE-907C-02DD77EAE694}"
	ProjectSection(ProjectDependencies) = postProject
		{45DB0987-C35D-41B7-8C24-0E12578A6E11} = {45DB0987-C35D-41B7-8C24-0E12578A6E11}
	EndProjectSection
EndProject
Project("{FAE04EC0-301F-11D3-BF4B-00C04F79EFBC}") = "LxCommunciator.NET", "LxCommunciator.NET\LxCommunciator.NET.csproj", "{45DB0987-C35D-41B7-8C24-0E12578A6E11}"
EndProject
Global
	GlobalSection(SolutionConfigurationPlatforms) = preSolution
		Debug|Any CPU = Debug|Any CPU
		Release|Any CPU = Release|Any CPU
	EndGlobalSection
	GlobalSection(ProjectConfigurationPlatforms) = postSolution
		{F69137CE-4E16-4D08-8827-15ACDDB45860}.Debug|Any CPU.ActiveCfg = Debug|Any CPU
		{F69137CE-4E16-4D08-8827-15ACDDB45860}.Debug|Any CPU.Build.0 = Debug|Any CPU
		{F69137CE-4E16-4D08-8827-15ACDDB45860}.Release|Any CPU.ActiveCfg = Release|Any CPU
		{F69137CE-4E16-4D08-8827-15ACDDB45860}.Release|Any CPU.Build.0 = Release|Any CPU
		{070729E5-C933-45DE-907C-02DD77EAE694}.Debug|Any CPU.ActiveCfg = Debug|Any CPU
		{070729E5-C933-45DE-907C-02DD77EAE694}.Debug|Any CPU.Build.0 = Debug|Any CPU
		{070729E5-C933-45DE-907C-02DD77EAE694}.Release|Any CPU.ActiveCfg = Release|Any CPU
		{070729E5-C933-45DE-907C-02DD77EAE694}.Release|Any CPU.Build.0 = Release|Any CPU
		{45DB0987-C35D-41B7-8C24-0E12578A6E11}.Debug|Any CPU.ActiveCfg = Debug|Any CPU
		{45DB0987-C35D-41B7-8C24-0E12578A6E11}.Debug|Any CPU.Build.0 = Debug|Any CPU
		{45DB0987-C35D-41B7-8C24-0E12578A6E11}.Release|Any CPU.ActiveCfg = Release|Any CPU
		{45DB0987-C35D-41B7-8C24-0E12578A6E11}.Release|Any CPU.Build.0 = Release|Any CPU
	EndGlobalSection
	GlobalSection(SolutionProperties) = preSolution
		HideSolutionNode = FALSE
	EndGlobalSection
	GlobalSection(ExtensibilityGlobals) = postSolution
		SolutionGuid = {2135094B-F712-401D-B24C-F536A9C5541E}
	EndGlobalSection
EndGlobal
